lockVersion: 2.0.0
id: 7a2c976b-8158-4d12-8b59-c491e9e10cfd
management:
  docChecksum: c2a5d8222f4117f238343d6187ef2751
  docVersion: 1.0.0
  speakeasyVersion: 1.360.0
  generationVersion: 2.392.0
  releaseVersion: 0.6.0
  configChecksum: 830cd6fab52f20a7b5005a7d9325dbc5
  repoURL: https://github.com/ding-live/ding-typescript.git
  repoSubDirectory: .
  installationURL: https://github.com/ding-live/ding-typescript
  published: true
features:
  typescript:
    additionalDependencies: 0.1.0
    core: 3.13.0
    defaultEnabledRetries: 0.1.0
    envVarSecurityUsage: 0.1.1
    examples: 2.81.4
    flattening: 2.81.1
    globalSecurity: 2.82.11
    globalSecurityCallbacks: 0.1.0
    globalSecurityFlattening: 0.1.0
    globalServerURLs: 2.82.4
    responseFormat: 0.2.3
    retries: 2.83.0
    sdkHooks: 0.1.0
generatedFiles:
  - src/funcs/otpCheck.ts
  - src/funcs/otpCreateAuthentication.ts
  - src/funcs/otpFeedback.ts
  - src/funcs/otpRetry.ts
  - src/funcs/lookupLookup.ts
  - src/sdk/otp.ts
  - src/sdk/lookup.ts
  - src/sdk/sdk.ts
  - .eslintrc.cjs
  - .npmignore
  - RUNTIMES.md
  - jsr.json
  - package.json
  - src/core.ts
  - src/index.ts
  - src/lib/base64.ts
  - src/lib/config.ts
  - src/lib/dlv.ts
  - src/lib/encodings.ts
  - src/lib/http.ts
  - src/lib/is-plain-object.ts
  - src/lib/logger.ts
  - src/lib/matchers.ts
  - src/lib/primitives.ts
  - src/lib/retries.ts
  - src/lib/schemas.ts
  - src/lib/sdks.ts
  - src/lib/security.ts
  - src/lib/url.ts
  - src/sdk/index.ts
  - src/models/errors/httpclienterrors.ts
  - src/models/errors/sdkerror.ts
  - src/models/errors/sdkvalidationerror.ts
  - src/types/blobs.ts
  - src/types/enums.ts
  - src/types/fp.ts
  - src/types/index.ts
  - src/types/operations.ts
  - src/types/rfcdate.ts
  - tsconfig.json
  - src/models/components/createcheckresponse.ts
  - src/models/components/createcheckrequest.ts
  - src/models/components/createauthenticationresponse.ts
  - src/models/components/createauthenticationrequest.ts
  - src/models/components/feedbackresponse.ts
  - src/models/components/feedbackrequest.ts
  - src/models/components/retryauthenticationresponse.ts
  - src/models/components/retryauthenticationrequest.ts
  - src/models/components/lookupresponse.ts
  - src/models/components/security.ts
  - src/models/errors/errorresponse.ts
  - src/models/operations/feedback.ts
  - src/models/operations/lookup.ts
  - src/models/errors/index.ts
  - src/models/components/index.ts
  - src/models/operations/index.ts
  - docs/models/components/createcheckresponsestatus.md
  - docs/models/components/createcheckresponse.md
  - docs/models/components/createcheckrequest.md
  - docs/models/components/status.md
  - docs/models/components/createauthenticationresponse.md
  - docs/models/components/devicetype.md
  - docs/models/components/createauthenticationrequest.md
  - docs/models/components/feedbackresponse.md
  - docs/models/components/feedbackrequeststatus.md
  - docs/models/components/feedbackrequest.md
  - docs/models/components/retryauthenticationresponsestatus.md
  - docs/models/components/retryauthenticationresponse.md
  - docs/models/components/retryauthenticationrequest.md
  - docs/models/components/linetype.md
  - docs/models/components/lookupresponse.md
  - docs/models/components/security.md
  - docs/models/errors/code.md
  - docs/models/errors/errorresponse.md
  - docs/models/operations/feedbackresponse.md
  - docs/models/operations/lookuprequest.md
  - docs/sdks/ding/README.md
  - docs/lib/utils/retryconfig.md
  - docs/sdks/otp/README.md
  - docs/sdks/lookup/README.md
  - USAGE.md
  - .gitattributes
  - src/hooks/hooks.ts
  - src/hooks/types.ts
  - src/hooks/index.ts
  - CONTRIBUTING.md
