lockVersion: 2.0.0
id: 7a2c976b-8158-4d12-8b59-c491e9e10cfd
management:
  docChecksum: 85248a8dd6a5cd6fea1b82dfc30249e9
  docVersion: 1.0.0
  speakeasyVersion: 1.331.0
  generationVersion: 2.365.0
  releaseVersion: 0.4.14
  configChecksum: 75dc83f1431a1939c7e777f3b3b8a194
  repoURL: https://github.com/ding-live/ding-typescript.git
  repoSubDirectory: .
  installationURL: https://github.com/ding-live/ding-typescript
  published: true
features:
  typescript:
    core: 3.4.11
    examples: 2.81.3
    flattening: 2.81.1
    globalSecurity: 2.82.5
    globalServerURLs: 2.82.2
generatedFiles:
  - src/sdk/otp.ts
  - src/sdk/lookup.ts
  - src/sdk/sdk.ts
  - .eslintrc.yml
  - jest.config.js
  - package-lock.json
  - package.json
  - src/index.ts
  - src/internal/utils/contenttype.ts
  - src/internal/utils/headers.ts
  - src/internal/utils/index.ts
  - src/internal/utils/pathparams.ts
  - src/internal/utils/queryparams.ts
  - src/internal/utils/requestbody.ts
  - src/internal/utils/retries.ts
  - src/internal/utils/security.ts
  - src/internal/utils/utils.ts
  - src/sdk/index.ts
  - src/models/errors/sdkerror.ts
  - src/types/index.ts
  - src/types/rfcdate.ts
  - tsconfig.json
  - src/models/operations/check.ts
  - src/models/operations/createauthentication.ts
  - src/models/operations/feedback.ts
  - src/models/operations/retry.ts
  - src/models/operations/lookup.ts
  - src/models/components/createcheckresponse.ts
  - src/models/components/createcheckrequest.ts
  - src/models/components/createauthenticationresponse.ts
  - src/models/components/createauthenticationrequest.ts
  - src/models/components/feedbackresponse.ts
  - src/models/components/feedbackrequest.ts
  - src/models/components/retryauthenticationresponse.ts
  - src/models/components/retryauthenticationrequest.ts
  - src/models/components/lookupresponse.ts
  - src/models/components/security.ts
  - src/models/errors/errorresponse.ts
  - src/models/errors/index.ts
  - src/models/operations/index.ts
  - src/models/components/index.ts
  - docs/models/operations/checkresponse.md
  - docs/models/operations/createauthenticationresponse.md
  - docs/models/operations/feedbackresponse.md
  - docs/models/operations/retryresponse.md
  - docs/models/operations/lookuprequest.md
  - docs/models/operations/lookupresponse.md
  - docs/models/components/createcheckresponsestatus.md
  - docs/models/components/createcheckresponse.md
  - docs/models/components/createcheckrequest.md
  - docs/models/components/status.md
  - docs/models/components/createauthenticationresponse.md
  - docs/models/components/devicetype.md
  - docs/models/components/createauthenticationrequest.md
  - docs/models/components/feedbackresponse.md
  - docs/models/components/feedbackrequeststatus.md
  - docs/models/components/feedbackrequest.md
  - docs/models/components/retryauthenticationresponsestatus.md
  - docs/models/components/retryauthenticationresponse.md
  - docs/models/components/retryauthenticationrequest.md
  - docs/models/components/linetype.md
  - docs/models/components/lookupresponse.md
  - docs/models/components/security.md
  - docs/models/errors/code.md
  - docs/models/errors/errorresponse.md
  - docs/sdks/ding/README.md
  - docs/sdks/otp/README.md
  - docs/sdks/lookup/README.md
  - USAGE.md
  - .gitattributes
