speakeasyVersion: 1.468.2
sources:
    my-source:
        sourceNamespace: my-source
        sourceRevisionDigest: sha256:05188a640151c3188e5e8b5da2ccf4f4cd5317eb278311efe1e4b910b66960a1
        sourceBlobDigest: sha256:1bc8346f862d17395d3ec227c51c74504f59eabaf83eb40c2932c517c8a40bf8
        tags:
            - latest
            - speakeasy-sdk-regen-1736726631
            - 1.0.0
targets:
    '@ding-live/ding':
        source: my-source
        sourceNamespace: my-source
        sourceRevisionDigest: sha256:05188a640151c3188e5e8b5da2ccf4f4cd5317eb278311efe1e4b910b66960a1
        sourceBlobDigest: sha256:1bc8346f862d17395d3ec227c51c74504f59eabaf83eb40c2932c517c8a40bf8
        codeSamplesNamespace: my-source-typescript-code-samples
        codeSamplesRevisionDigest: sha256:b6f808f4e36b466dd6f4b4927b91caac7ae74ce15af39c89ab5e07cfb79c86df
workflow:
    workflowVersion: 1.0.0
    speakeasyVersion: latest
    sources:
        my-source:
            inputs:
                - location: https://raw.githubusercontent.com/ding-live/openapi/main/ding.yaml
            registry:
                location: registry.speakeasyapi.dev/ding/ding/my-source
    targets:
        '@ding-live/ding':
            target: typescript
            source: my-source
            publish:
                npm:
                    token: $NPM_TOKEN
            codeSamples:
                registry:
                    location: registry.speakeasyapi.dev/ding/ding/my-source-typescript-code-samples
                blocking: false
